
Microsoft Visual Studio Solution File, Format Version 12.00
# Visual Studio Version 16
VisualStudioVersion = 16.0.808.7
MinimumVisualStudioVersion = 10.0.40219.1
Project("{FAE04EC0-301F-11D3-BF4B-00C04F79EFBC}") = "ClusterApi", "ClusterApi.csproj", "{45400755-6CE4-4E08-8ECD-6C546A518185}"
EndProject
Global
	GlobalSection(SolutionConfigurationPlatforms) = preSolution
		Debug|Any CPU = Debug|Any CPU
		Release|Any CPU = Release|Any CPU
	EndGlobalSection
	GlobalSection(ProjectConfigurationPlatforms) = postSolution
		{45400755-6CE4-4E08-8ECD-6C546A518185}.Debug|Any CPU.ActiveCfg = Debug|Any CPU
		{45400755-6CE4-4E08-8ECD-6C546A518185}.Debug|Any CPU.Build.0 = Debug|Any CPU
		{45400755-6CE4-4E08-8ECD-6C546A518185}.Release|Any CPU.ActiveCfg = Release|Any CPU
		{45400755-6CE4-4E08-8ECD-6C546A518185}.Release|Any CPU.Build.0 = Release|Any CPU
	EndGlobalSection
	GlobalSection(SolutionProperties) = preSolution
		HideSolutionNode = FALSE
	EndGlobalSection
	GlobalSection(ExtensibilityGlobals) = postSolution
		SolutionGuid = {CB7CD7B8-430B-4C4B-A361-F2FC85F2A768}
	EndGlobalSection
EndGlobal
